<?xml version="1.0" encoding="utf-8"?>
<Project ToolsVersion="4.0" xmlns="http://schemas.microsoft.com/developer/msbuild/2003">
  <ItemGroup>
    <Filter Include="Source Files">
      <UniqueIdentifier>{4FC737F1-C7A5-4376-A066-2A32D752A2FF}</UniqueIdentifier>
      <Extensions>cpp;c;cc;cxx;def;odl;idl;hpj;bat;asm;asmx</Extensions>
    </Filter>
    <Filter Include="Source Files\Startup">
      <UniqueIdentifier>{97b0431c-f8ee-4ed9-9a18-2cb4b7638977}</UniqueIdentifier>
    </Filter>
    <Filter Include="Source Files\OpenCVItemProcessing">
      <UniqueIdentifier>{544e5973-d254-46a0-98a6-35fd7b16c276}</UniqueIdentifier>
    </Filter>
    <Filter Include="Source Files\ImageProcessing">
      <UniqueIdentifier>{6dd8ec15-185d-4bbb-a1cf-d18f611190f4}</UniqueIdentifier>
    </Filter>
  </ItemGroup>
  <ItemGroup>
    <ClCompile Include="Main.cpp">
      <Filter>Source Files\Startup</Filter>
    </ClCompile>
    <ClCompile Include="OpenCVItemProcessing.cpp">
      <Filter>Source Files\OpenCVItemProcessing</Filter>
    </ClCompile>
  </ItemGroup>
  <ItemGroup>
    <ClInclude Include="OpenCVItemProcessing.h">
      <Filter>Source Files\OpenCVItemProcessing</Filter>
    </ClInclude>
    <ClInclude Include="Helper.h">
      <Filter>Source Files\ImageProcessing</Filter>
    </ClInclude>
  </ItemGroup>
</Project>